
Microsoft Visual Studio Solution File, Format Version 12.00
# Visual Studio Version 17
VisualStudioVersion = 17.12.35424.110
MinimumVisualStudioVersion = 10.0.40219.1
Project("{FAE04EC0-301F-11D3-BF4B-00C04F79EFBC}") = "ElinUI", "EIinUI\ElinUI.csproj", "{6938CF2B-C7CB-4EB8-A434-071EB35251D8}"
EndProject
Project("{FAE04EC0-301F-11D3-BF4B-00C04F79EFBC}") = "Elin_AutoExplore", "Elin_AutoExplore\Elin_AutoExplore.csproj", "{26762979-4C33-4CC3-A045-03C6D2565AD1}"
EndProject
Global
	GlobalSection(SolutionConfigurationPlatforms) = preSolution
		Debug|Any CPU = Debug|Any CPU
		Release|Any CPU = Release|Any CPU
	EndGlobalSection
	GlobalSection(ProjectConfigurationPlatforms) = postSolution
		{6938CF2B-C7CB-4EB8-A434-071EB35251D8}.Debug|Any CPU.ActiveCfg = Debug|Any CPU
		{6938CF2B-C7CB-4EB8-A434-071EB35251D8}.Debug|Any CPU.Build.0 = Debug|Any CPU
		{6938CF2B-C7CB-4EB8-A434-071EB35251D8}.Release|Any CPU.ActiveCfg = Release|Any CPU
		{6938CF2B-C7CB-4EB8-A434-071EB35251D8}.Release|Any CPU.Build.0 = Release|Any CPU
		{26762979-4C33-4CC3-A045-03C6D2565AD1}.Debug|Any CPU.ActiveCfg = Debug|Any CPU
		{26762979-4C33-4CC3-A045-03C6D2565AD1}.Debug|Any CPU.Build.0 = Debug|Any CPU
		{26762979-4C33-4CC3-A045-03C6D2565AD1}.Release|Any CPU.ActiveCfg = Release|Any CPU
		{26762979-4C33-4CC3-A045-03C6D2565AD1}.Release|Any CPU.Build.0 = Release|Any CPU
	EndGlobalSection
	GlobalSection(SolutionProperties) = preSolution
		HideSolutionNode = FALSE
	EndGlobalSection
	GlobalSection(ExtensibilityGlobals) = postSolution
		SolutionGuid = {8C491D2E-B16D-4E87-961D-4EDAB4280E49}
	EndGlobalSection
EndGlobal
